
Microsoft Visual Studio Solution File, Format Version 12.00
# Visual Studio Version 17
VisualStudioVersion = 17.11.35222.181
MinimumVisualStudioVersion = 10.0.40219.1
Project("{FAE04EC0-301F-11D3-BF4B-00C04F79EFBC}") = "Leccion32", "Leccion32.csproj", "{C21F0F4D-6331-4DEF-9E5E-ACE8CB9AC43C}"
EndProject
Global
	GlobalSection(SolutionConfigurationPlatforms) = preSolution
		Debug|Any CPU = Debug|Any CPU
		Release|Any CPU = Release|Any CPU
	EndGlobalSection
	GlobalSection(ProjectConfigurationPlatforms) = postSolution
		{C21F0F4D-6331-4DEF-9E5E-ACE8CB9AC43C}.Debug|Any CPU.ActiveCfg = Debug|Any CPU
		{C21F0F4D-6331-4DEF-9E5E-ACE8CB9AC43C}.Debug|Any CPU.Build.0 = Debug|Any CPU
		{C21F0F4D-6331-4DEF-9E5E-ACE8CB9AC43C}.Release|Any CPU.ActiveCfg = Release|Any CPU
		{C21F0F4D-6331-4DEF-9E5E-ACE8CB9AC43C}.Release|Any CPU.Build.0 = Release|Any CPU
	EndGlobalSection
	GlobalSection(SolutionProperties) = preSolution
		HideSolutionNode = FALSE
	EndGlobalSection
	GlobalSection(ExtensibilityGlobals) = postSolution
		SolutionGuid = {E8165FC5-9A8B-490A-BA84-12B51A8F5937}
	EndGlobalSection
EndGlobal
